
Microsoft Visual Studio Solution File, Format Version 12.00
# Visual Studio Version 16
VisualStudioVersion = 16.0.30907.101
MinimumVisualStudioVersion = 10.0.40219.1
Project("{FAE04EC0-301F-11D3-BF4B-00C04F79EFBC}") = "ToeplitzMatrix", "ToeplitzMatrix\ToeplitzMatrix.csproj", "{A35432DF-92B4-4C67-930F-43814203E7A4}"
EndProject
Global
	GlobalSection(SolutionConfigurationPlatforms) = preSolution
		Debug|Any CPU = Debug|Any CPU
		Release|Any CPU = Release|Any CPU
	EndGlobalSection
	GlobalSection(ProjectConfigurationPlatforms) = postSolution
		{A35432DF-92B4-4C67-930F-43814203E7A4}.Debug|Any CPU.ActiveCfg = Debug|Any CPU
		{A35432DF-92B4-4C67-930F-43814203E7A4}.Debug|Any CPU.Build.0 = Debug|Any CPU
		{A35432DF-92B4-4C67-930F-43814203E7A4}.Release|Any CPU.ActiveCfg = Release|Any CPU
		{A35432DF-92B4-4C67-930F-43814203E7A4}.Release|Any CPU.Build.0 = Release|Any CPU
	EndGlobalSection
	GlobalSection(SolutionProperties) = preSolution
		HideSolutionNode = FALSE
	EndGlobalSection
	GlobalSection(ExtensibilityGlobals) = postSolution
		SolutionGuid = {643E1353-E461-4467-B960-24AA61A94051}
	EndGlobalSection
EndGlobal
