
Microsoft Visual Studio Solution File, Format Version 12.00
# Visual Studio Version 16
VisualStudioVersion = 16.0.30907.101
MinimumVisualStudioVersion = 10.0.40219.1
Project("{FAE04EC0-301F-11D3-BF4B-00C04F79EFBC}") = "WindowsFormsApp1", "WindowsFormsApp1\WindowsFormsApp1.csproj", "{34735D26-6F42-4E3F-AE0F-15411BF46180}"
EndProject
Global
	GlobalSection(SolutionConfigurationPlatforms) = preSolution
		Debug|Any CPU = Debug|Any CPU
		Release|Any CPU = Release|Any CPU
	EndGlobalSection
	GlobalSection(ProjectConfigurationPlatforms) = postSolution
		{34735D26-6F42-4E3F-AE0F-15411BF46180}.Debug|Any CPU.ActiveCfg = Debug|Any CPU
		{34735D26-6F42-4E3F-AE0F-15411BF46180}.Debug|Any CPU.Build.0 = Debug|Any CPU
		{34735D26-6F42-4E3F-AE0F-15411BF46180}.Release|Any CPU.ActiveCfg = Release|Any CPU
		{34735D26-6F42-4E3F-AE0F-15411BF46180}.Release|Any CPU.Build.0 = Release|Any CPU
	EndGlobalSection
	GlobalSection(SolutionProperties) = preSolution
		HideSolutionNode = FALSE
	EndGlobalSection
	GlobalSection(ExtensibilityGlobals) = postSolution
		SolutionGuid = {F2B6EE59-CDBA-4C1A-9F1B-51BE5D5CCC04}
	EndGlobalSection
EndGlobal
