
Microsoft Visual Studio Solution File, Format Version 12.00
# Visual Studio Version 17
VisualStudioVersion = 17.1.32328.378
MinimumVisualStudioVersion = 10.0.40219.1
Project("{FAE04EC0-301F-11D3-BF4B-00C04F79EFBC}") = "pachong", "pachong\pachong.csproj", "{FBC1E202-23C6-4ADC-B7DD-D0BAF51A3B43}"
EndProject
Project("{FAE04EC0-301F-11D3-BF4B-00C04F79EFBC}") = "crawlWinform", "crawlWinform\crawlWinform.csproj", "{4619DB10-E145-4A1B-B143-3C0D1499549E}"
EndProject
Global
	GlobalSection(SolutionConfigurationPlatforms) = preSolution
		Debug|Any CPU = Debug|Any CPU
		Release|Any CPU = Release|Any CPU
	EndGlobalSection
	GlobalSection(ProjectConfigurationPlatforms) = postSolution
		{FBC1E202-23C6-4ADC-B7DD-D0BAF51A3B43}.Debug|Any CPU.ActiveCfg = Debug|Any CPU
		{FBC1E202-23C6-4ADC-B7DD-D0BAF51A3B43}.Debug|Any CPU.Build.0 = Debug|Any CPU
		{FBC1E202-23C6-4ADC-B7DD-D0BAF51A3B43}.Release|Any CPU.ActiveCfg = Release|Any CPU
		{FBC1E202-23C6-4ADC-B7DD-D0BAF51A3B43}.Release|Any CPU.Build.0 = Release|Any CPU
		{4619DB10-E145-4A1B-B143-3C0D1499549E}.Debug|Any CPU.ActiveCfg = Debug|Any CPU
		{4619DB10-E145-4A1B-B143-3C0D1499549E}.Debug|Any CPU.Build.0 = Debug|Any CPU
		{4619DB10-E145-4A1B-B143-3C0D1499549E}.Release|Any CPU.ActiveCfg = Release|Any CPU
		{4619DB10-E145-4A1B-B143-3C0D1499549E}.Release|Any CPU.Build.0 = Release|Any CPU
	EndGlobalSection
	GlobalSection(SolutionProperties) = preSolution
		HideSolutionNode = FALSE
	EndGlobalSection
	GlobalSection(ExtensibilityGlobals) = postSolution
		SolutionGuid = {B95F2BB9-DF67-4C15-AA5D-C2E94670D64B}
	EndGlobalSection
EndGlobal
